[[package]]
name = "asgiref"
version = "3.3.4"
description = "ASGI specs, helper code, and adapters"
category = "main"
optional = false
python-versions = ">=3.6"

[package.extras]
tests = ["pytest", "pytest-asyncio", "mypy (>=0.800)"]

[[package]]
name = "django"
version = "3.2"
description = "A high-level Python Web framework that encourages rapid development and clean, pragmatic design."
category = "main"
optional = false
python-versions = ">=3.6"

[package.dependencies]
asgiref = ">=3.3.2,<4"
pytz = "*"
sqlparse = ">=0.2.2"

[package.extras]
argon2 = ["argon2-cffi (>=19.1.0)"]
bcrypt = ["bcrypt"]

[[package]]
name = "django-extensions"
version = "3.1.2"
description = "Extensions for Django"
category = "main"
optional = false
python-versions = ">=3.6"

[package.dependencies]
Django = ">=2.2"

[[package]]
name = "psycopg2"
version = "2.8.6"
description = "psycopg2 - Python-PostgreSQL Database Adapter"
category = "main"
optional = false
python-versions = ">=2.7,!=3.0.*,!=3.1.*,!=3.2.*,!=3.3.*"

[[package]]
name = "ptvsd"
version = "4.3.2"
description = "Remote debugging server for Python support in Visual Studio and Visual Studio Code"
category = "dev"
optional = false
python-versions = ">=2.7,!=3.0.*,!=3.1.*,!=3.2.*,!=3.3.*"

[[package]]
name = "pytz"
version = "2021.1"
description = "World timezone definitions, modern and historical"
category = "main"
optional = false
python-versions = "*"

[[package]]
name = "sqlparse"
version = "0.4.1"
description = "A non-validating SQL parser."
category = "main"
optional = false
python-versions = ">=3.5"

[metadata]
lock-version = "1.1"
python-versions = "^3.9"
content-hash = "d5fbc2fe8ed253349f020620352bc6698f55cb547f7fc11e3909df21a2341e64"

[metadata.files]
asgiref = [
    {file = "asgiref-3.3.4-py3-none-any.whl", hash = "sha256:92906c611ce6c967347bbfea733f13d6313901d54dcca88195eaeb52b2a8e8ee"},
    {file = "asgiref-3.3.4.tar.gz", hash = "sha256:d1216dfbdfb63826470995d31caed36225dcaf34f182e0fa257a4dd9e86f1b78"},
]
django = [
    {file = "Django-3.2-py3-none-any.whl", hash = "sha256:0604e84c4fb698a5e53e5857b5aea945b2f19a18f25f10b8748dbdf935788927"},
    {file = "Django-3.2.tar.gz", hash = "sha256:21f0f9643722675976004eb683c55d33c05486f94506672df3d6a141546f389d"},
]
django-extensions = [
    {file = "django-extensions-3.1.2.tar.gz", hash = "sha256:081828e985485662f62a22340c1506e37989d14b927652079a5b7cd84a82368b"},
    {file = "django_extensions-3.1.2-py3-none-any.whl", hash = "sha256:17f85f4dcdd5eea09b8c4f0bad8f0370bf2db6d03e61b431fa7103fee29888de"},
]
psycopg2 = [
    {file = "psycopg2-2.8.6-cp27-cp27m-win32.whl", hash = "sha256:068115e13c70dc5982dfc00c5d70437fe37c014c808acce119b5448361c03725"},
    {file = "psycopg2-2.8.6-cp27-cp27m-win_amd64.whl", hash = "sha256:d160744652e81c80627a909a0e808f3c6653a40af435744de037e3172cf277f5"},
    {file = "psycopg2-2.8.6-cp34-cp34m-win32.whl", hash = "sha256:b8cae8b2f022efa1f011cc753adb9cbadfa5a184431d09b273fb49b4167561ad"},
    {file = "psycopg2-2.8.6-cp34-cp34m-win_amd64.whl", hash = "sha256:f22ea9b67aea4f4a1718300908a2fb62b3e4276cf00bd829a97ab5894af42ea3"},
    {file = "psycopg2-2.8.6-cp35-cp35m-win32.whl", hash = "sha256:26e7fd115a6db75267b325de0fba089b911a4a12ebd3d0b5e7acb7028bc46821"},
    {file = "psycopg2-2.8.6-cp35-cp35m-win_amd64.whl", hash = "sha256:00195b5f6832dbf2876b8bf77f12bdce648224c89c880719c745b90515233301"},
    {file = "psycopg2-2.8.6-cp36-cp36m-win32.whl", hash = "sha256:a49833abfdede8985ba3f3ec641f771cca215479f41523e99dace96d5b8cce2a"},
    {file = "psycopg2-2.8.6-cp36-cp36m-win_amd64.whl", hash = "sha256:f974c96fca34ae9e4f49839ba6b78addf0346777b46c4da27a7bf54f48d3057d"},
    {file = "psycopg2-2.8.6-cp37-cp37m-win32.whl", hash = "sha256:6a3d9efb6f36f1fe6aa8dbb5af55e067db802502c55a9defa47c5a1dad41df84"},
    {file = "psycopg2-2.8.6-cp37-cp37m-win_amd64.whl", hash = "sha256:56fee7f818d032f802b8eed81ef0c1232b8b42390df189cab9cfa87573fe52c5"},
    {file = "psycopg2-2.8.6-cp38-cp38-win32.whl", hash = "sha256:ad2fe8a37be669082e61fb001c185ffb58867fdbb3e7a6b0b0d2ffe232353a3e"},
    {file = "psycopg2-2.8.6-cp38-cp38-win_amd64.whl", hash = "sha256:56007a226b8e95aa980ada7abdea6b40b75ce62a433bd27cec7a8178d57f4051"},
    {file = "psycopg2-2.8.6-cp39-cp39-win32.whl", hash = "sha256:2c93d4d16933fea5bbacbe1aaf8fa8c1348740b2e50b3735d1b0bf8154cbf0f3"},
    {file = "psycopg2-2.8.6-cp39-cp39-win_amd64.whl", hash = "sha256:d5062ae50b222da28253059880a871dc87e099c25cb68acf613d9d227413d6f7"},
    {file = "psycopg2-2.8.6.tar.gz", hash = "sha256:fb23f6c71107c37fd667cb4ea363ddeb936b348bbd6449278eb92c189699f543"},
]
ptvsd = [
    {file = "ptvsd-4.3.2-cp27-cp27m-macosx_10_13_x86_64.whl", hash = "sha256:22b699369a18ff28d4d1aa6a452739e50c7b7790cb16c6312d766e023c12fe27"},
    {file = "ptvsd-4.3.2-cp27-cp27m-manylinux1_i686.whl", hash = "sha256:3f839fe91d9ddca0d6a3a0afd6a1c824be1768498a737ab9333d084c5c3f3591"},
    {file = "ptvsd-4.3.2-cp27-cp27m-manylinux1_x86_64.whl", hash = "sha256:70260b4591c07bff95566d49b6a5dc3051d8558035c43c847bad9a954def46bb"},
    {file = "ptvsd-4.3.2-cp27-cp27mu-manylinux1_i686.whl", hash = "sha256:d2662ec37ee049c0f8f2f9a378abeb7e570d9215c19eaf0a6d7189464195009f"},
    {file = "ptvsd-4.3.2-cp27-cp27mu-manylinux1_x86_64.whl", hash = "sha256:d9337ebba4d099698982e090b203e85670086c4b29cf1185b2e45cd353a8053e"},
    {file = "ptvsd-4.3.2-cp34-cp34m-macosx_10_13_x86_64.whl", hash = "sha256:cf09fd4d90c4c42ddd9bf853290f1a80bc2128993a3923bd3b96b68cc1acd03f"},
    {file = "ptvsd-4.3.2-cp34-cp34m-manylinux1_i686.whl", hash = "sha256:ccc5c533135305709461f545feed5061c608714db38fa0f58e3f848a127b7fde"},
    {file = "ptvsd-4.3.2-cp34-cp34m-manylinux1_x86_64.whl", hash = "sha256:de5234bec74c47da668e1a1a21bcc9821af0cbb28b5153df78cd5abc744b29a2"},
    {file = "ptvsd-4.3.2-cp35-cp35m-macosx_10_13_x86_64.whl", hash = "sha256:c893fb9d1c2ef8f980cc00ced3fd90356f86d9f59b58ee97e0e7e622b8860f76"},
    {file = "ptvsd-4.3.2-cp35-cp35m-manylinux1_i686.whl", hash = "sha256:2bbc121bce3608501998afbe742f02b80e7d26b8fecd38f78b903f22f52a81d9"},
    {file = "ptvsd-4.3.2-cp35-cp35m-manylinux1_x86_64.whl", hash = "sha256:fad06de012a78f277318d0c308dd3d7cc1f67167f3b2e1e2f7c6caf04c03440c"},
    {file = "ptvsd-4.3.2-cp35-cp35m-win32.whl", hash = "sha256:92d26aa7c8f7ffe41cb4b50a00846027027fa17acdf2d9dd8c24de77b25166c6"},
    {file = "ptvsd-4.3.2-cp35-cp35m-win_amd64.whl", hash = "sha256:eda10ecd43daacc180a6fbe524992be76a877c3559e2b78016b4ada8fec10273"},
    {file = "ptvsd-4.3.2-cp36-cp36m-macosx_10_13_x86_64.whl", hash = "sha256:c01204e3f025c3f7252c79c1a8a028246d29e3ef339e1a01ddf652999f47bdea"},
    {file = "ptvsd-4.3.2-cp36-cp36m-manylinux1_i686.whl", hash = "sha256:c97c71835dde7e67fc7b06398bee1c012559a0784ebda9cf8acaf176c7ae766c"},
    {file = "ptvsd-4.3.2-cp36-cp36m-manylinux1_x86_64.whl", hash = "sha256:612948a045fcf9c8931cd306972902440278f34de7ca684b49d4caeec9f1ec62"},
    {file = "ptvsd-4.3.2-cp36-cp36m-win32.whl", hash = "sha256:72d114baa5737baf29c8068d1ccdd93cbb332d2030601c888eed0e3761b588d7"},
    {file = "ptvsd-4.3.2-cp36-cp36m-win_amd64.whl", hash = "sha256:58508485a1609a495dd45829bd6d219303cf9edef5ca1f01a9ed8ffaa87f390c"},
    {file = "ptvsd-4.3.2-cp37-cp37m-macosx_10_13_x86_64.whl", hash = "sha256:20f48ffed42a6beb879c250d82662e175ad59cc46a29c95c6a4472ae413199c5"},
    {file = "ptvsd-4.3.2-cp37-cp37m-manylinux1_i686.whl", hash = "sha256:b9970e3dc987eb2a6001af6c9d2f726dd6455cfc6d47e0f51925cbdee7ea2157"},
    {file = "ptvsd-4.3.2-cp37-cp37m-manylinux1_x86_64.whl", hash = "sha256:1d3d82ecc82186d099992a748556e6e54037f5c5e4d3fc9bba3e2302354be0d4"},
    {file = "ptvsd-4.3.2-cp37-cp37m-win32.whl", hash = "sha256:10745fbb788001959b4de405198d8bd5243611a88fb5a2e2c6800245bc0ddd74"},
    {file = "ptvsd-4.3.2-cp37-cp37m-win_amd64.whl", hash = "sha256:90cbd082e7a9089664888d0d94aca760202f080133fca8f3fe65c48ed6b9e39d"},
    {file = "ptvsd-4.3.2-py2.py3-none-any.whl", hash = "sha256:459137736068bb02515040b2ed2738169cb30d69a38e0fd5dffcba255f41e68d"},
    {file = "ptvsd-4.3.2.zip", hash = "sha256:3b05c06018fdbce5943c50fb0baac695b5c11326f9e21a5266c854306bda28ab"},
]
pytz = [
    {file = "pytz-2021.1-py2.py3-none-any.whl", hash = "sha256:eb10ce3e7736052ed3623d49975ce333bcd712c7bb19a58b9e2089d4057d0798"},
    {file = "pytz-2021.1.tar.gz", hash = "sha256:83a4a90894bf38e243cf052c8b58f381bfe9a7a483f6a9cab140bc7f702ac4da"},
]
sqlparse = [
    {file = "sqlparse-0.4.1-py3-none-any.whl", hash = "sha256:017cde379adbd6a1f15a61873f43e8274179378e95ef3fede90b5aa64d304ed0"},
    {file = "sqlparse-0.4.1.tar.gz", hash = "sha256:0f91fd2e829c44362cbcfab3e9ae12e22badaa8a29ad5ff599f9ec109f0454e8"},
]
